// !$*UTF8*$!
{
	archiveVersion = 1;
	classes = {
	};
	objectVersion = 48;
	objects = {

/* Begin PBXBuildFile section */
		2C954A2B1FF972DE0025CB07 /* PureMVC.framework in Frameworks */ = {isa = PBXBuildFile; fileRef = 2C954A211FF972DE0025CB07 /* PureMVC.framework */; };
		2C954A5D1FF974CF0025CB07 /* View.swift in Sources */ = {isa = PBXBuildFile; fileRef = 2C954A401FF974CF0025CB07 /* View.swift */; };
		2C954A5E1FF974CF0025CB07 /* Model.swift in Sources */ = {isa = PBXBuildFile; fileRef = 2C954A411FF974CF0025CB07 /* Model.swift */; };
		2C954A5F1FF974CF0025CB07 /* Controller.swift in Sources */ = {isa = PBXBuildFile; fileRef = 2C954A421FF974CF0025CB07 /* Controller.swift */; };
		2C954A601FF974CF0025CB07 /* Proxy.swift in Sources */ = {isa = PBXBuildFile; fileRef = 2C954A451FF974CF0025CB07 /* Proxy.swift */; };
		2C954A611FF974CF0025CB07 /* Facade.swift in Sources */ = {isa = PBXBuildFile; fileRef = 2C954A471FF974CF0025CB07 /* Facade.swift */; };
		2C954A621FF974CF0025CB07 /* Observer.swift in Sources */ = {isa = PBXBuildFile; fileRef = 2C954A491FF974CF0025CB07 /* Observer.swift */; };
		2C954A631FF974CF0025CB07 /* Notification.swift in Sources */ = {isa = PBXBuildFile; fileRef = 2C954A4A1FF974CF0025CB07 /* Notification.swift */; };
		2C954A641FF974CF0025CB07 /* Notifier.swift in Sources */ = {isa = PBXBuildFile; fileRef = 2C954A4B1FF974CF0025CB07 /* Notifier.swift */; };
		2C954A651FF974CF0025CB07 /* SimpleCommand.swift in Sources */ = {isa = PBXBuildFile; fileRef = 2C954A4D1FF974CF0025CB07 /* SimpleCommand.swift */; };
		2C954A661FF974CF0025CB07 /* MacroCommand.swift in Sources */ = {isa = PBXBuildFile; fileRef = 2C954A4E1FF974CF0025CB07 /* MacroCommand.swift */; };
		2C954A671FF974CF0025CB07 /* Mediator.swift in Sources */ = {isa = PBXBuildFile; fileRef = 2C954A501FF974CF0025CB07 /* Mediator.swift */; };
		2C954A681FF974CF0025CB07 /* IView.swift in Sources */ = {isa = PBXBuildFile; fileRef = 2C954A521FF974CF0025CB07 /* IView.swift */; };
		2C954A691FF974CF0025CB07 /* IFacade.swift in Sources */ = {isa = PBXBuildFile; fileRef = 2C954A531FF974CF0025CB07 /* IFacade.swift */; };
		2C954A6A1FF974CF0025CB07 /* ICommand.swift in Sources */ = {isa = PBXBuildFile; fileRef = 2C954A541FF974CF0025CB07 /* ICommand.swift */; };
		2C954A6B1FF974CF0025CB07 /* INotifier.swift in Sources */ = {isa = PBXBuildFile; fileRef = 2C954A551FF974CF0025CB07 /* INotifier.swift */; };
		2C954A6C1FF974CF0025CB07 /* IController.swift in Sources */ = {isa = PBXBuildFile; fileRef = 2C954A561FF974CF0025CB07 /* IController.swift */; };
		2C954A6D1FF974CF0025CB07 /* IModel.swift in Sources */ = {isa = PBXBuildFile; fileRef = 2C954A571FF974CF0025CB07 /* IModel.swift */; };
		2C954A6E1FF974CF0025CB07 /* IMediator.swift in Sources */ = {isa = PBXBuildFile; fileRef = 2C954A581FF974CF0025CB07 /* IMediator.swift */; };
		2C954A6F1FF974CF0025CB07 /* IProxy.swift in Sources */ = {isa = PBXBuildFile; fileRef = 2C954A591FF974CF0025CB07 /* IProxy.swift */; };
		2C954A701FF974CF0025CB07 /* INotification.swift in Sources */ = {isa = PBXBuildFile; fileRef = 2C954A5A1FF974CF0025CB07 /* INotification.swift */; };
		2C954A711FF974CF0025CB07 /* IObserver.swift in Sources */ = {isa = PBXBuildFile; fileRef = 2C954A5B1FF974CF0025CB07 /* IObserver.swift */; };
		2C954A721FF974E20025CB07 /* PureMVC-ios.h in Headers */ = {isa = PBXBuildFile; fileRef = 2C954A3B1FF974CF0025CB07 /* PureMVC-ios.h */; settings = {ATTRIBUTES = (Public, ); }; };
		2C954A9C1FF975020025CB07 /* ControllerTestCommand.swift in Sources */ = {isa = PBXBuildFile; fileRef = 2C954A771FF975020025CB07 /* ControllerTestCommand.swift */; };
		2C954A9D1FF975020025CB07 /* ControllerTestVO.swift in Sources */ = {isa = PBXBuildFile; fileRef = 2C954A781FF975020025CB07 /* ControllerTestVO.swift */; };
		2C954A9E1FF975020025CB07 /* ControllerTestCommand2.swift in Sources */ = {isa = PBXBuildFile; fileRef = 2C954A791FF975020025CB07 /* ControllerTestCommand2.swift */; };
		2C954A9F1FF975020025CB07 /* ViewTest.swift in Sources */ = {isa = PBXBuildFile; fileRef = 2C954A7A1FF975020025CB07 /* ViewTest.swift */; };
		2C954AA01FF975020025CB07 /* ModelTestProxy.swift in Sources */ = {isa = PBXBuildFile; fileRef = 2C954A7B1FF975020025CB07 /* ModelTestProxy.swift */; };
		2C954AA11FF975020025CB07 /* ViewTestMediator5.swift in Sources */ = {isa = PBXBuildFile; fileRef = 2C954A7C1FF975020025CB07 /* ViewTestMediator5.swift */; };
		2C954AA21FF975020025CB07 /* ViewTestMediator3.swift in Sources */ = {isa = PBXBuildFile; fileRef = 2C954A7D1FF975020025CB07 /* ViewTestMediator3.swift */; };
		2C954AA31FF975020025CB07 /* ControllerTest.swift in Sources */ = {isa = PBXBuildFile; fileRef = 2C954A7E1FF975020025CB07 /* ControllerTest.swift */; };
		2C954AA41FF975020025CB07 /* ViewTestMediator.swift in Sources */ = {isa = PBXBuildFile; fileRef = 2C954A7F1FF975020025CB07 /* ViewTestMediator.swift */; };
		2C954AA51FF975020025CB07 /* ViewTestMediator4.swift in Sources */ = {isa = PBXBuildFile; fileRef = 2C954A801FF975020025CB07 /* ViewTestMediator4.swift */; };
		2C954AA61FF975020025CB07 /* ModelTest.swift in Sources */ = {isa = PBXBuildFile; fileRef = 2C954A811FF975020025CB07 /* ModelTest.swift */; };
		2C954AA71FF975020025CB07 /* ViewTestNote.swift in Sources */ = {isa = PBXBuildFile; fileRef = 2C954A821FF975020025CB07 /* ViewTestNote.swift */; };
		2C954AA81FF975020025CB07 /* ViewTestMediator6.swift in Sources */ = {isa = PBXBuildFile; fileRef = 2C954A831FF975020025CB07 /* ViewTestMediator6.swift */; };
		2C954AA91FF975020025CB07 /* ViewTestMediator2.swift in Sources */ = {isa = PBXBuildFile; fileRef = 2C954A841FF975020025CB07 /* ViewTestMediator2.swift */; };
		2C954AAA1FF975020025CB07 /* ViewTestVO.swift in Sources */ = {isa = PBXBuildFile; fileRef = 2C954A851FF975020025CB07 /* ViewTestVO.swift */; };
		2C954AAB1FF975020025CB07 /* ProxyTest.swift in Sources */ = {isa = PBXBuildFile; fileRef = 2C954A881FF975020025CB07 /* ProxyTest.swift */; };
		2C954AAC1FF975020025CB07 /* FacadeTestVO.swift in Sources */ = {isa = PBXBuildFile; fileRef = 2C954A8A1FF975020025CB07 /* FacadeTestVO.swift */; };
		2C954AAD1FF975020025CB07 /* FacadeTestCommand.swift in Sources */ = {isa = PBXBuildFile; fileRef = 2C954A8B1FF975020025CB07 /* FacadeTestCommand.swift */; };
		2C954AAE1FF975020025CB07 /* FacadeTest.swift in Sources */ = {isa = PBXBuildFile; fileRef = 2C954A8C1FF975020025CB07 /* FacadeTest.swift */; };
		2C954AAF1FF975020025CB07 /* NotifierTest.swift in Sources */ = {isa = PBXBuildFile; fileRef = 2C954A8E1FF975020025CB07 /* NotifierTest.swift */; };
		2C954AB01FF975020025CB07 /* NotificationTest.swift in Sources */ = {isa = PBXBuildFile; fileRef = 2C954A8F1FF975020025CB07 /* NotificationTest.swift */; };
		2C954AB11FF975020025CB07 /* ObserverTest.swift in Sources */ = {isa = PBXBuildFile; fileRef = 2C954A901FF975020025CB07 /* ObserverTest.swift */; };
		2C954AB21FF975020025CB07 /* SimpleCommandTestCommand.swift in Sources */ = {isa = PBXBuildFile; fileRef = 2C954A921FF975020025CB07 /* SimpleCommandTestCommand.swift */; };
		2C954AB31FF975020025CB07 /* MacroCommandTestCommand.swift in Sources */ = {isa = PBXBuildFile; fileRef = 2C954A931FF975020025CB07 /* MacroCommandTestCommand.swift */; };
		2C954AB41FF975020025CB07 /* MacroCommandTestSub2Command.swift in Sources */ = {isa = PBXBuildFile; fileRef = 2C954A941FF975020025CB07 /* MacroCommandTestSub2Command.swift */; };
		2C954AB51FF975020025CB07 /* SimpleCommandTestVO.swift in Sources */ = {isa = PBXBuildFile; fileRef = 2C954A951FF975020025CB07 /* SimpleCommandTestVO.swift */; };
		2C954AB61FF975020025CB07 /* MacroCommandTestVO.swift in Sources */ = {isa = PBXBuildFile; fileRef = 2C954A961FF975020025CB07 /* MacroCommandTestVO.swift */; };
		2C954AB71FF975020025CB07 /* SimpleCommandTest.swift in Sources */ = {isa = PBXBuildFile; fileRef = 2C954A971FF975020025CB07 /* SimpleCommandTest.swift */; };
		2C954AB81FF975020025CB07 /* MacroCommandTest.swift in Sources */ = {isa = PBXBuildFile; fileRef = 2C954A981FF975020025CB07 /* MacroCommandTest.swift */; };
		2C954AB91FF975020025CB07 /* MacroCommandTestSub1Command.swift in Sources */ = {isa = PBXBuildFile; fileRef = 2C954A991FF975020025CB07 /* MacroCommandTestSub1Command.swift */; };
		2C954ABA1FF975020025CB07 /* MediatorTest.swift in Sources */ = {isa = PBXBuildFile; fileRef = 2C954A9B1FF975020025CB07 /* MediatorTest.swift */; };
		2C954AC91FF976310025CB07 /* PureMVC.framework in Frameworks */ = {isa = PBXBuildFile; fileRef = 2C954AC01FF976300025CB07 /* PureMVC.framework */; };
		2C954ACE1FF976310025CB07 /* PureMVC_macOSTests.swift in Sources */ = {isa = PBXBuildFile; fileRef = 2C954ACD1FF976310025CB07 /* PureMVC_macOSTests.swift */; };
		2C954AD01FF976310025CB07 /* PureMVC_macOS.h in Headers */ = {isa = PBXBuildFile; fileRef = 2C954AC21FF976310025CB07 /* PureMVC_macOS.h */; settings = {ATTRIBUTES = (Public, ); }; };
		2C954AD71FF9769F0025CB07 /* View.swift in Sources */ = {isa = PBXBuildFile; fileRef = 2C954A401FF974CF0025CB07 /* View.swift */; };
		2C954AD81FF9769F0025CB07 /* Model.swift in Sources */ = {isa = PBXBuildFile; fileRef = 2C954A411FF974CF0025CB07 /* Model.swift */; };
		2C954AD91FF9769F0025CB07 /* Controller.swift in Sources */ = {isa = PBXBuildFile; fileRef = 2C954A421FF974CF0025CB07 /* Controller.swift */; };
		2C954ADA1FF9769F0025CB07 /* Proxy.swift in Sources */ = {isa = PBXBuildFile; fileRef = 2C954A451FF974CF0025CB07 /* Proxy.swift */; };
		2C954ADB1FF9769F0025CB07 /* Facade.swift in Sources */ = {isa = PBXBuildFile; fileRef = 2C954A471FF974CF0025CB07 /* Facade.swift */; };
		2C954ADC1FF9769F0025CB07 /* Observer.swift in Sources */ = {isa = PBXBuildFile; fileRef = 2C954A491FF974CF0025CB07 /* Observer.swift */; };
		2C954ADD1FF9769F0025CB07 /* Notification.swift in Sources */ = {isa = PBXBuildFile; fileRef = 2C954A4A1FF974CF0025CB07 /* Notification.swift */; };
		2C954ADE1FF9769F0025CB07 /* Notifier.swift in Sources */ = {isa = PBXBuildFile; fileRef = 2C954A4B1FF974CF0025CB07 /* Notifier.swift */; };
		2C954ADF1FF9769F0025CB07 /* SimpleCommand.swift in Sources */ = {isa = PBXBuildFile; fileRef = 2C954A4D1FF974CF0025CB07 /* SimpleCommand.swift */; };
		2C954AE01FF9769F0025CB07 /* MacroCommand.swift in Sources */ = {isa = PBXBuildFile; fileRef = 2C954A4E1FF974CF0025CB07 /* MacroCommand.swift */; };
		2C954AE11FF9769F0025CB07 /* Mediator.swift in Sources */ = {isa = PBXBuildFile; fileRef = 2C954A501FF974CF0025CB07 /* Mediator.swift */; };
		2C954AE21FF9769F0025CB07 /* IView.swift in Sources */ = {isa = PBXBuildFile; fileRef = 2C954A521FF974CF0025CB07 /* IView.swift */; };
		2C954AE31FF9769F0025CB07 /* IFacade.swift in Sources */ = {isa = PBXBuildFile; fileRef = 2C954A531FF974CF0025CB07 /* IFacade.swift */; };
		2C954AE41FF9769F0025CB07 /* ICommand.swift in Sources */ = {isa = PBXBuildFile; fileRef = 2C954A541FF974CF0025CB07 /* ICommand.swift */; };
		2C954AE51FF9769F0025CB07 /* INotifier.swift in Sources */ = {isa = PBXBuildFile; fileRef = 2C954A551FF974CF0025CB07 /* INotifier.swift */; };
		2C954AE61FF9769F0025CB07 /* IController.swift in Sources */ = {isa = PBXBuildFile; fileRef = 2C954A561FF974CF0025CB07 /* IController.swift */; };
		2C954AE71FF9769F0025CB07 /* IModel.swift in Sources */ = {isa = PBXBuildFile; fileRef = 2C954A571FF974CF0025CB07 /* IModel.swift */; };
		2C954AE81FF9769F0025CB07 /* IMediator.swift in Sources */ = {isa = PBXBuildFile; fileRef = 2C954A581FF974CF0025CB07 /* IMediator.swift */; };
		2C954AE91FF9769F0025CB07 /* IProxy.swift in Sources */ = {isa = PBXBuildFile; fileRef = 2C954A591FF974CF0025CB07 /* IProxy.swift */; };
		2C954AEA1FF9769F0025CB07 /* INotification.swift in Sources */ = {isa = PBXBuildFile; fileRef = 2C954A5A1FF974CF0025CB07 /* INotification.swift */; };
		2C954AEB1FF9769F0025CB07 /* IObserver.swift in Sources */ = {isa = PBXBuildFile; fileRef = 2C954A5B1FF974CF0025CB07 /* IObserver.swift */; };
/* End PBXBuildFile section */

/* Begin PBXContainerItemProxy section */
		2C954A2C1FF972DE0025CB07 /* PBXContainerItemProxy */ = {
			isa = PBXContainerItemProxy;
			containerPortal = 2C954A181FF972DE0025CB07 /* Project object */;
			proxyType = 1;
			remoteGlobalIDString = 2C954A201FF972DE0025CB07;
			remoteInfo = PureMVC;
		};
		2C954ACA1FF976310025CB07 /* PBXContainerItemProxy */ = {
			isa = PBXContainerItemProxy;
			containerPortal = 2C954A181FF972DE0025CB07 /* Project object */;
			proxyType = 1;
			remoteGlobalIDString = 2C954ABF1FF976300025CB07;
			remoteInfo = "PureMVC macOS";
		};
/* End PBXContainerItemProxy section */

/* Begin PBXFileReference section */
		2C954A211FF972DE0025CB07 /* PureMVC.framework */ = {isa = PBXFileReference; explicitFileType = wrapper.framework; includeInIndex = 0; path = PureMVC.framework; sourceTree = BUILT_PRODUCTS_DIR; };
		2C954A251FF972DE0025CB07 /* Info.plist */ = {isa = PBXFileReference; lastKnownFileType = text.plist.xml; path = Info.plist; sourceTree = "<group>"; };
		2C954A2A1FF972DE0025CB07 /* PureMVCTests.xctest */ = {isa = PBXFileReference; explicitFileType = wrapper.cfbundle; includeInIndex = 0; path = PureMVCTests.xctest; sourceTree = BUILT_PRODUCTS_DIR; };
		2C954A311FF972DE0025CB07 /* Info.plist */ = {isa = PBXFileReference; lastKnownFileType = text.plist.xml; path = Info.plist; sourceTree = "<group>"; };
		2C954A3B1FF974CF0025CB07 /* PureMVC-ios.h */ = {isa = PBXFileReference; fileEncoding = 4; lastKnownFileType = sourcecode.c.h; path = "PureMVC-ios.h"; sourceTree = "<group>"; };
		2C954A401FF974CF0025CB07 /* View.swift */ = {isa = PBXFileReference; fileEncoding = 4; lastKnownFileType = sourcecode.swift; path = View.swift; sourceTree = "<group>"; };
		2C954A411FF974CF0025CB07 /* Model.swift */ = {isa = PBXFileReference; fileEncoding = 4; lastKnownFileType = sourcecode.swift; path = Model.swift; sourceTree = "<group>"; };
		2C954A421FF974CF0025CB07 /* Controller.swift */ = {isa = PBXFileReference; fileEncoding = 4; lastKnownFileType = sourcecode.swift; path = Controller.swift; sourceTree = "<group>"; };
		2C954A451FF974CF0025CB07 /* Proxy.swift */ = {isa = PBXFileReference; fileEncoding = 4; lastKnownFileType = sourcecode.swift; path = Proxy.swift; sourceTree = "<group>"; };
		2C954A471FF974CF0025CB07 /* Facade.swift */ = {isa = PBXFileReference; fileEncoding = 4; lastKnownFileType = sourcecode.swift; path = Facade.swift; sourceTree = "<group>"; };
		2C954A491FF974CF0025CB07 /* Observer.swift */ = {isa = PBXFileReference; fileEncoding = 4; lastKnownFileType = sourcecode.swift; path = Observer.swift; sourceTree = "<group>"; };
		2C954A4A1FF974CF0025CB07 /* Notification.swift */ = {isa = PBXFileReference; fileEncoding = 4; lastKnownFileType = sourcecode.swift; path = Notification.swift; sourceTree = "<group>"; };
		2C954A4B1FF974CF0025CB07 /* Notifier.swift */ = {isa = PBXFileReference; fileEncoding = 4; lastKnownFileType = sourcecode.swift; path = Notifier.swift; sourceTree = "<group>"; };
		2C954A4D1FF974CF0025CB07 /* SimpleCommand.swift */ = {isa = PBXFileReference; fileEncoding = 4; lastKnownFileType = sourcecode.swift; path = SimpleCommand.swift; sourceTree = "<group>"; };
		2C954A4E1FF974CF0025CB07 /* MacroCommand.swift */ = {isa = PBXFileReference; fileEncoding = 4; lastKnownFileType = sourcecode.swift; path = MacroCommand.swift; sourceTree = "<group>"; };
		2C954A501FF974CF0025CB07 /* Mediator.swift */ = {isa = PBXFileReference; fileEncoding = 4; lastKnownFileType = sourcecode.swift; path = Mediator.swift; sourceTree = "<group>"; };
		2C954A521FF974CF0025CB07 /* IView.swift */ = {isa = PBXFileReference; fileEncoding = 4; lastKnownFileType = sourcecode.swift; path = IView.swift; sourceTree = "<group>"; };
		2C954A531FF974CF0025CB07 /* IFacade.swift */ = {isa = PBXFileReference; fileEncoding = 4; lastKnownFileType = sourcecode.swift; path = IFacade.swift; sourceTree = "<group>"; };
		2C954A541FF974CF0025CB07 /* ICommand.swift */ = {isa = PBXFileReference; fileEncoding = 4; lastKnownFileType = sourcecode.swift; path = ICommand.swift; sourceTree = "<group>"; };
		2C954A551FF974CF0025CB07 /* INotifier.swift */ = {isa = PBXFileReference; fileEncoding = 4; lastKnownFileType = sourcecode.swift; path = INotifier.swift; sourceTree = "<group>"; };
		2C954A561FF974CF0025CB07 /* IController.swift */ = {isa = PBXFileReference; fileEncoding = 4; lastKnownFileType = sourcecode.swift; path = IController.swift; sourceTree = "<group>"; };
		2C954A571FF974CF0025CB07 /* IModel.swift */ = {isa = PBXFileReference; fileEncoding = 4; lastKnownFileType = sourcecode.swift; path = IModel.swift; sourceTree = "<group>"; };
		2C954A581FF974CF0025CB07 /* IMediator.swift */ = {isa = PBXFileReference; fileEncoding = 4; lastKnownFileType = sourcecode.swift; path = IMediator.swift; sourceTree = "<group>"; };
		2C954A591FF974CF0025CB07 /* IProxy.swift */ = {isa = PBXFileReference; fileEncoding = 4; lastKnownFileType = sourcecode.swift; path = IProxy.swift; sourceTree = "<group>"; };
		2C954A5A1FF974CF0025CB07 /* INotification.swift */ = {isa = PBXFileReference; fileEncoding = 4; lastKnownFileType = sourcecode.swift; path = INotification.swift; sourceTree = "<group>"; };
		2C954A5B1FF974CF0025CB07 /* IObserver.swift */ = {isa = PBXFileReference; fileEncoding = 4; lastKnownFileType = sourcecode.swift; path = IObserver.swift; sourceTree = "<group>"; };
		2C954A771FF975020025CB07 /* ControllerTestCommand.swift */ = {isa = PBXFileReference; fileEncoding = 4; lastKnownFileType = sourcecode.swift; path = ControllerTestCommand.swift; sourceTree = "<group>"; };
		2C954A781FF975020025CB07 /* ControllerTestVO.swift */ = {isa = PBXFileReference; fileEncoding = 4; lastKnownFileType = sourcecode.swift; path = ControllerTestVO.swift; sourceTree = "<group>"; };
		2C954A791FF975020025CB07 /* ControllerTestCommand2.swift */ = {isa = PBXFileReference; fileEncoding = 4; lastKnownFileType = sourcecode.swift; path = ControllerTestCommand2.swift; sourceTree = "<group>"; };
		2C954A7A1FF975020025CB07 /* ViewTest.swift */ = {isa = PBXFileReference; fileEncoding = 4; lastKnownFileType = sourcecode.swift; path = ViewTest.swift; sourceTree = "<group>"; };
		2C954A7B1FF975020025CB07 /* ModelTestProxy.swift */ = {isa = PBXFileReference; fileEncoding = 4; lastKnownFileType = sourcecode.swift; path = ModelTestProxy.swift; sourceTree = "<group>"; };
		2C954A7C1FF975020025CB07 /* ViewTestMediator5.swift */ = {isa = PBXFileReference; fileEncoding = 4; lastKnownFileType = sourcecode.swift; path = ViewTestMediator5.swift; sourceTree = "<group>"; };
		2C954A7D1FF975020025CB07 /* ViewTestMediator3.swift */ = {isa = PBXFileReference; fileEncoding = 4; lastKnownFileType = sourcecode.swift; path = ViewTestMediator3.swift; sourceTree = "<group>"; };
		2C954A7E1FF975020025CB07 /* ControllerTest.swift */ = {isa = PBXFileReference; fileEncoding = 4; lastKnownFileType = sourcecode.swift; path = ControllerTest.swift; sourceTree = "<group>"; };
		2C954A7F1FF975020025CB07 /* ViewTestMediator.swift */ = {isa = PBXFileReference; fileEncoding = 4; lastKnownFileType = sourcecode.swift; path = ViewTestMediator.swift; sourceTree = "<group>"; };
		2C954A801FF975020025CB07 /* ViewTestMediator4.swift */ = {isa = PBXFileReference; fileEncoding = 4; lastKnownFileType = sourcecode.swift; path = ViewTestMediator4.swift; sourceTree = "<group>"; };
		2C954A811FF975020025CB07 /* ModelTest.swift */ = {isa = PBXFileReference; fileEncoding = 4; lastKnownFileType = sourcecode.swift; path = ModelTest.swift; sourceTree = "<group>"; };
		2C954A821FF975020025CB07 /* ViewTestNote.swift */ = {isa = PBXFileReference; fileEncoding = 4; lastKnownFileType = sourcecode.swift; path = ViewTestNote.swift; sourceTree = "<group>"; };
		2C954A831FF975020025CB07 /* ViewTestMediator6.swift */ = {isa = PBXFileReference; fileEncoding = 4; lastKnownFileType = sourcecode.swift; path = ViewTestMediator6.swift; sourceTree = "<group>"; };
		2C954A841FF975020025CB07 /* ViewTestMediator2.swift */ = {isa = PBXFileReference; fileEncoding = 4; lastKnownFileType = sourcecode.swift; path = ViewTestMediator2.swift; sourceTree = "<group>"; };
		2C954A851FF975020025CB07 /* ViewTestVO.swift */ = {isa = PBXFileReference; fileEncoding = 4; lastKnownFileType = sourcecode.swift; path = ViewTestVO.swift; sourceTree = "<group>"; };
		2C954A881FF975020025CB07 /* ProxyTest.swift */ = {isa = PBXFileReference; fileEncoding = 4; lastKnownFileType = sourcecode.swift; path = ProxyTest.swift; sourceTree = "<group>"; };
		2C954A8A1FF975020025CB07 /* FacadeTestVO.swift */ = {isa = PBXFileReference; fileEncoding = 4; lastKnownFileType = sourcecode.swift; path = FacadeTestVO.swift; sourceTree = "<group>"; };
		2C954A8B1FF975020025CB07 /* FacadeTestCommand.swift */ = {isa = PBXFileReference; fileEncoding = 4; lastKnownFileType = sourcecode.swift; path = FacadeTestCommand.swift; sourceTree = "<group>"; };
		2C954A8C1FF975020025CB07 /* FacadeTest.swift */ = {isa = PBXFileReference; fileEncoding = 4; lastKnownFileType = sourcecode.swift; path = FacadeTest.swift; sourceTree = "<group>"; };
		2C954A8E1FF975020025CB07 /* NotifierTest.swift */ = {isa = PBXFileReference; fileEncoding = 4; lastKnownFileType = sourcecode.swift; path = NotifierTest.swift; sourceTree = "<group>"; };
		2C954A8F1FF975020025CB07 /* NotificationTest.swift */ = {isa = PBXFileReference; fileEncoding = 4; lastKnownFileType = sourcecode.swift; path = NotificationTest.swift; sourceTree = "<group>"; };
		2C954A901FF975020025CB07 /* ObserverTest.swift */ = {isa = PBXFileReference; fileEncoding = 4; lastKnownFileType = sourcecode.swift; path = ObserverTest.swift; sourceTree = "<group>"; };
		2C954A921FF975020025CB07 /* SimpleCommandTestCommand.swift */ = {isa = PBXFileReference; fileEncoding = 4; lastKnownFileType = sourcecode.swift; path = SimpleCommandTestCommand.swift; sourceTree = "<group>"; };
		2C954A931FF975020025CB07 /* MacroCommandTestCommand.swift */ = {isa = PBXFileReference; fileEncoding = 4; lastKnownFileType = sourcecode.swift; path = MacroCommandTestCommand.swift; sourceTree = "<group>"; };
		2C954A941FF975020025CB07 /* MacroCommandTestSub2Command.swift */ = {isa = PBXFileReference; fileEncoding = 4; lastKnownFileType = sourcecode.swift; path = MacroCommandTestSub2Command.swift; sourceTree = "<group>"; };
		2C954A951FF975020025CB07 /* SimpleCommandTestVO.swift */ = {isa = PBXFileReference; fileEncoding = 4; lastKnownFileType = sourcecode.swift; path = SimpleCommandTestVO.swift; sourceTree = "<group>"; };
		2C954A961FF975020025CB07 /* MacroCommandTestVO.swift */ = {isa = PBXFileReference; fileEncoding = 4; lastKnownFileType = sourcecode.swift; path = MacroCommandTestVO.swift; sourceTree = "<group>"; };
		2C954A971FF975020025CB07 /* SimpleCommandTest.swift */ = {isa = PBXFileReference; fileEncoding = 4; lastKnownFileType = sourcecode.swift; path = SimpleCommandTest.swift; sourceTree = "<group>"; };
		2C954A981FF975020025CB07 /* MacroCommandTest.swift */ = {isa = PBXFileReference; fileEncoding = 4; lastKnownFileType = sourcecode.swift; path = MacroCommandTest.swift; sourceTree = "<group>"; };
		2C954A991FF975020025CB07 /* MacroCommandTestSub1Command.swift */ = {isa = PBXFileReference; fileEncoding = 4; lastKnownFileType = sourcecode.swift; path = MacroCommandTestSub1Command.swift; sourceTree = "<group>"; };
		2C954A9B1FF975020025CB07 /* MediatorTest.swift */ = {isa = PBXFileReference; fileEncoding = 4; lastKnownFileType = sourcecode.swift; path = MediatorTest.swift; sourceTree = "<group>"; };
		2C954AC01FF976300025CB07 /* PureMVC.framework */ = {isa = PBXFileReference; explicitFileType = wrapper.framework; includeInIndex = 0; path = PureMVC.framework; sourceTree = BUILT_PRODUCTS_DIR; };
		2C954AC21FF976310025CB07 /* PureMVC_macOS.h */ = {isa = PBXFileReference; lastKnownFileType = sourcecode.c.h; path = PureMVC_macOS.h; sourceTree = "<group>"; };
		2C954AC31FF976310025CB07 /* Info.plist */ = {isa = PBXFileReference; lastKnownFileType = text.plist.xml; path = Info.plist; sourceTree = "<group>"; };
		2C954AC81FF976310025CB07 /* PureMVC macOSTests.xctest */ = {isa = PBXFileReference; explicitFileType = wrapper.cfbundle; includeInIndex = 0; path = "PureMVC macOSTests.xctest"; sourceTree = BUILT_PRODUCTS_DIR; };
		2C954ACD1FF976310025CB07 /* PureMVC_macOSTests.swift */ = {isa = PBXFileReference; lastKnownFileType = sourcecode.swift; path = PureMVC_macOSTests.swift; sourceTree = "<group>"; };
		2C954ACF1FF976310025CB07 /* Info.plist */ = {isa = PBXFileReference; lastKnownFileType = text.plist.xml; path = Info.plist; sourceTree = "<group>"; };
/* End PBXFileReference section */

/* Begin PBXFrameworksBuildPhase section */
		2C954A1D1FF972DE0025CB07 /* Frameworks */ = {
			isa = PBXFrameworksBuildPhase;
			buildActionMask = 2147483647;
			files = (
			);
			runOnlyForDeploymentPostprocessing = 0;
		};
		2C954A271FF972DE0025CB07 /* Frameworks */ = {
			isa = PBXFrameworksBuildPhase;
			buildActionMask = 2147483647;
			files = (
				2C954A2B1FF972DE0025CB07 /* PureMVC.framework in Frameworks */,
			);
			runOnlyForDeploymentPostprocessing = 0;
		};
		2C954ABC1FF976300025CB07 /* Frameworks */ = {
			isa = PBXFrameworksBuildPhase;
			buildActionMask = 2147483647;
			files = (
			);
			runOnlyForDeploymentPostprocessing = 0;
		};
		2C954AC51FF976310025CB07 /* Frameworks */ = {
			isa = PBXFrameworksBuildPhase;
			buildActionMask = 2147483647;
			files = (
				2C954AC91FF976310025CB07 /* PureMVC.framework in Frameworks */,
			);
			runOnlyForDeploymentPostprocessing = 0;
		};
/* End PBXFrameworksBuildPhase section */

/* Begin PBXGroup section */
		2C954A171FF972DE0025CB07 = {
			isa = PBXGroup;
			children = (
				2C954A231FF972DE0025CB07 /* PureMVC */,
				2C954A2E1FF972DE0025CB07 /* PureMVCTests */,
				2C954AC11FF976310025CB07 /* PureMVC macOS */,
				2C954ACC1FF976310025CB07 /* PureMVC macOSTests */,
				2C954A221FF972DE0025CB07 /* Products */,
			);
			sourceTree = "<group>";
		};
		2C954A221FF972DE0025CB07 /* Products */ = {
			isa = PBXGroup;
			children = (
				2C954A211FF972DE0025CB07 /* PureMVC.framework */,
				2C954A2A1FF972DE0025CB07 /* PureMVCTests.xctest */,
				2C954AC01FF976300025CB07 /* PureMVC.framework */,
				2C954AC81FF976310025CB07 /* PureMVC macOSTests.xctest */,
			);
			name = Products;
			sourceTree = "<group>";
		};
		2C954A231FF972DE0025CB07 /* PureMVC */ = {
			isa = PBXGroup;
			children = (
				2C954A3C1FF974CF0025CB07 /* org */,
				2C954A3B1FF974CF0025CB07 /* PureMVC-ios.h */,
				2C954A251FF972DE0025CB07 /* Info.plist */,
			);
			path = PureMVC;
			sourceTree = "<group>";
		};
		2C954A2E1FF972DE0025CB07 /* PureMVCTests */ = {
			isa = PBXGroup;
			children = (
				2C954A731FF975020025CB07 /* org */,
				2C954A311FF972DE0025CB07 /* Info.plist */,
			);
			path = PureMVCTests;
			sourceTree = "<group>";
		};
		2C954A3C1FF974CF0025CB07 /* org */ = {
			isa = PBXGroup;
			children = (
				2C954A3D1FF974CF0025CB07 /* puremvc */,
			);
			path = org;
			sourceTree = "<group>";
		};
		2C954A3D1FF974CF0025CB07 /* puremvc */ = {
			isa = PBXGroup;
			children = (
				2C954A3E1FF974CF0025CB07 /* swift */,
			);
			path = puremvc;
			sourceTree = "<group>";
		};
		2C954A3E1FF974CF0025CB07 /* swift */ = {
			isa = PBXGroup;
			children = (
				2C954A3F1FF974CF0025CB07 /* core */,
				2C954A431FF974CF0025CB07 /* patterns */,
				2C954A511FF974CF0025CB07 /* interfaces */,
			);
			path = swift;
			sourceTree = "<group>";
		};
		2C954A3F1FF974CF0025CB07 /* core */ = {
			isa = PBXGroup;
			children = (
				2C954A401FF974CF0025CB07 /* View.swift */,
				2C954A411FF974CF0025CB07 /* Model.swift */,
				2C954A421FF974CF0025CB07 /* Controller.swift */,
			);
			path = core;
			sourceTree = "<group>";
		};
		2C954A431FF974CF0025CB07 /* patterns */ = {
			isa = PBXGroup;
			children = (
				2C954A441FF974CF0025CB07 /* proxy */,
				2C954A461FF974CF0025CB07 /* facade */,
				2C954A481FF974CF0025CB07 /* observer */,
				2C954A4C1FF974CF0025CB07 /* command */,
				2C954A4F1FF974CF0025CB07 /* mediator */,
			);
			path = patterns;
			sourceTree = "<group>";
		};
		2C954A441FF974CF0025CB07 /* proxy */ = {
			isa = PBXGroup;
			children = (
				2C954A451FF974CF0025CB07 /* Proxy.swift */,
			);
			path = proxy;
			sourceTree = "<group>";
		};
		2C954A461FF974CF0025CB07 /* facade */ = {
			isa = PBXGroup;
			children = (
				2C954A471FF974CF0025CB07 /* Facade.swift */,
			);
			path = facade;
			sourceTree = "<group>";
		};
		2C954A481FF974CF0025CB07 /* observer */ = {
			isa = PBXGroup;
			children = (
				2C954A491FF974CF0025CB07 /* Observer.swift */,
				2C954A4A1FF974CF0025CB07 /* Notification.swift */,
				2C954A4B1FF974CF0025CB07 /* Notifier.swift */,
			);
			path = observer;
			sourceTree = "<group>";
		};
		2C954A4C1FF974CF0025CB07 /* command */ = {
			isa = PBXGroup;
			children = (
				2C954A4D1FF974CF0025CB07 /* SimpleCommand.swift */,
				2C954A4E1FF974CF0025CB07 /* MacroCommand.swift */,
			);
			path = command;
			sourceTree = "<group>";
		};
		2C954A4F1FF974CF0025CB07 /* mediator */ = {
			isa = PBXGroup;
			children = (
				2C954A501FF974CF0025CB07 /* Mediator.swift */,
			);
			path = mediator;
			sourceTree = "<group>";
		};
		2C954A511FF974CF0025CB07 /* interfaces */ = {
			isa = PBXGroup;
			children = (
				2C954A521FF974CF0025CB07 /* IView.swift */,
				2C954A531FF974CF0025CB07 /* IFacade.swift */,
				2C954A541FF974CF0025CB07 /* ICommand.swift */,
				2C954A551FF974CF0025CB07 /* INotifier.swift */,
				2C954A561FF974CF0025CB07 /* IController.swift */,
				2C954A571FF974CF0025CB07 /* IModel.swift */,
				2C954A581FF974CF0025CB07 /* IMediator.swift */,
				2C954A591FF974CF0025CB07 /* IProxy.swift */,
				2C954A5A1FF974CF0025CB07 /* INotification.swift */,
				2C954A5B1FF974CF0025CB07 /* IObserver.swift */,
			);
			path = interfaces;
			sourceTree = "<group>";
		};
		2C954A731FF975020025CB07 /* org */ = {
			isa = PBXGroup;
			children = (
				2C954A741FF975020025CB07 /* puremvc */,
			);
			path = org;
			sourceTree = "<group>";
		};
		2C954A741FF975020025CB07 /* puremvc */ = {
			isa = PBXGroup;
			children = (
				2C954A751FF975020025CB07 /* swift */,
			);
			path = puremvc;
			sourceTree = "<group>";
		};
		2C954A751FF975020025CB07 /* swift */ = {
			isa = PBXGroup;
			children = (
				2C954A761FF975020025CB07 /* core */,
				2C954A861FF975020025CB07 /* patterns */,
			);
			path = swift;
			sourceTree = "<group>";
		};
		2C954A761FF975020025CB07 /* core */ = {
			isa = PBXGroup;
			children = (
				2C954A771FF975020025CB07 /* ControllerTestCommand.swift */,
				2C954A781FF975020025CB07 /* ControllerTestVO.swift */,
				2C954A791FF975020025CB07 /* ControllerTestCommand2.swift */,
				2C954A7A1FF975020025CB07 /* ViewTest.swift */,
				2C954A7B1FF975020025CB07 /* ModelTestProxy.swift */,
				2C954A7C1FF975020025CB07 /* ViewTestMediator5.swift */,
				2C954A7D1FF975020025CB07 /* ViewTestMediator3.swift */,
				2C954A7E1FF975020025CB07 /* ControllerTest.swift */,
				2C954A7F1FF975020025CB07 /* ViewTestMediator.swift */,
				2C954A801FF975020025CB07 /* ViewTestMediator4.swift */,
				2C954A811FF975020025CB07 /* ModelTest.swift */,
				2C954A821FF975020025CB07 /* ViewTestNote.swift */,
				2C954A831FF975020025CB07 /* ViewTestMediator6.swift */,
				2C954A841FF975020025CB07 /* ViewTestMediator2.swift */,
				2C954A851FF975020025CB07 /* ViewTestVO.swift */,
			);
			path = core;
			sourceTree = "<group>";
		};
		2C954A861FF975020025CB07 /* patterns */ = {
			isa = PBXGroup;
			children = (
				2C954A871FF975020025CB07 /* proxy */,
				2C954A891FF975020025CB07 /* facade */,
				2C954A8D1FF975020025CB07 /* observer */,
				2C954A911FF975020025CB07 /* command */,
				2C954A9A1FF975020025CB07 /* mediator */,
			);
			path = patterns;
			sourceTree = "<group>";
		};
		2C954A871FF975020025CB07 /* proxy */ = {
			isa = PBXGroup;
			children = (
				2C954A881FF975020025CB07 /* ProxyTest.swift */,
			);
			path = proxy;
			sourceTree = "<group>";
		};
		2C954A891FF975020025CB07 /* facade */ = {
			isa = PBXGroup;
			children = (
				2C954A8A1FF975020025CB07 /* FacadeTestVO.swift */,
				2C954A8B1FF975020025CB07 /* FacadeTestCommand.swift */,
				2C954A8C1FF975020025CB07 /* FacadeTest.swift */,
			);
			path = facade;
			sourceTree = "<group>";
		};
		2C954A8D1FF975020025CB07 /* observer */ = {
			isa = PBXGroup;
			children = (
				2C954A8E1FF975020025CB07 /* NotifierTest.swift */,
				2C954A8F1FF975020025CB07 /* NotificationTest.swift */,
				2C954A901FF975020025CB07 /* ObserverTest.swift */,
			);
			path = observer;
			sourceTree = "<group>";
		};
		2C954A911FF975020025CB07 /* command */ = {
			isa = PBXGroup;
			children = (
				2C954A921FF975020025CB07 /* SimpleCommandTestCommand.swift */,
				2C954A931FF975020025CB07 /* MacroCommandTestCommand.swift */,
				2C954A941FF975020025CB07 /* MacroCommandTestSub2Command.swift */,
				2C954A951FF975020025CB07 /* SimpleCommandTestVO.swift */,
				2C954A961FF975020025CB07 /* MacroCommandTestVO.swift */,
				2C954A971FF975020025CB07 /* SimpleCommandTest.swift */,
				2C954A981FF975020025CB07 /* MacroCommandTest.swift */,
				2C954A991FF975020025CB07 /* MacroCommandTestSub1Command.swift */,
			);
			path = command;
			sourceTree = "<group>";
		};
		2C954A9A1FF975020025CB07 /* mediator */ = {
			isa = PBXGroup;
			children = (
				2C954A9B1FF975020025CB07 /* MediatorTest.swift */,
			);
			path = mediator;
			sourceTree = "<group>";
		};
		2C954AC11FF976310025CB07 /* PureMVC macOS */ = {
			isa = PBXGroup;
			children = (
				2C954AC21FF976310025CB07 /* PureMVC_macOS.h */,
				2C954AC31FF976310025CB07 /* Info.plist */,
			);
			path = "PureMVC macOS";
			sourceTree = "<group>";
		};
		2C954ACC1FF976310025CB07 /* PureMVC macOSTests */ = {
			isa = PBXGroup;
			children = (
				2C954ACD1FF976310025CB07 /* PureMVC_macOSTests.swift */,
				2C954ACF1FF976310025CB07 /* Info.plist */,
			);
			path = "PureMVC macOSTests";
			sourceTree = "<group>";
		};
/* End PBXGroup section */

/* Begin PBXHeadersBuildPhase section */
		2C954A1E1FF972DE0025CB07 /* Headers */ = {
			isa = PBXHeadersBuildPhase;
			buildActionMask = 2147483647;
			files = (
				2C954A721FF974E20025CB07 /* PureMVC-ios.h in Headers */,
			);
			runOnlyForDeploymentPostprocessing = 0;
		};
		2C954ABD1FF976300025CB07 /* Headers */ = {
			isa = PBXHeadersBuildPhase;
			buildActionMask = 2147483647;
			files = (
				2C954AD01FF976310025CB07 /* PureMVC_macOS.h in Headers */,
			);
			runOnlyForDeploymentPostprocessing = 0;
		};
/* End PBXHeadersBuildPhase section */

/* Begin PBXNativeTarget section */
		2C954A201FF972DE0025CB07 /* PureMVC */ = {
			isa = PBXNativeTarget;
			buildConfigurationList = 2C954A351FF972DE0025CB07 /* Build configuration list for PBXNativeTarget "PureMVC" */;
			buildPhases = (
				2C954A1C1FF972DE0025CB07 /* Sources */,
				2C954A1D1FF972DE0025CB07 /* Frameworks */,
				2C954A1E1FF972DE0025CB07 /* Headers */,
				2C954A1F1FF972DE0025CB07 /* Resources */,
			);
			buildRules = (
			);
			dependencies = (
			);
			name = PureMVC;
			productName = PureMVC;
			productReference = 2C954A211FF972DE0025CB07 /* PureMVC.framework */;
			productType = "com.apple.product-type.framework";
		};
		2C954A291FF972DE0025CB07 /* PureMVCTests */ = {
			isa = PBXNativeTarget;
			buildConfigurationList = 2C954A381FF972DE0025CB07 /* Build configuration list for PBXNativeTarget "PureMVCTests" */;
			buildPhases = (
				2C954A261FF972DE0025CB07 /* Sources */,
				2C954A271FF972DE0025CB07 /* Frameworks */,
				2C954A281FF972DE0025CB07 /* Resources */,
			);
			buildRules = (
			);
			dependencies = (
				2C954A2D1FF972DE0025CB07 /* PBXTargetDependency */,
			);
			name = PureMVCTests;
			productName = PureMVCTests;
			productReference = 2C954A2A1FF972DE0025CB07 /* PureMVCTests.xctest */;
			productType = "com.apple.product-type.bundle.unit-test";
		};
		2C954ABF1FF976300025CB07 /* PureMVC macOS */ = {
			isa = PBXNativeTarget;
			buildConfigurationList = 2C954AD51FF976310025CB07 /* Build configuration list for PBXNativeTarget "PureMVC macOS" */;
			buildPhases = (
				2C954ABB1FF976300025CB07 /* Sources */,
				2C954ABC1FF976300025CB07 /* Frameworks */,
				2C954ABD1FF976300025CB07 /* Headers */,
				2C954ABE1FF976300025CB07 /* Resources */,
			);
			buildRules = (
			);
			dependencies = (
			);
			name = "PureMVC macOS";
			productName = "PureMVC macOS";
			productReference = 2C954AC01FF976300025CB07 /* PureMVC.framework */;
			productType = "com.apple.product-type.framework";
		};
		2C954AC71FF976310025CB07 /* PureMVC macOSTests */ = {
			isa = PBXNativeTarget;
			buildConfigurationList = 2C954AD61FF976310025CB07 /* Build configuration list for PBXNativeTarget "PureMVC macOSTests" */;
			buildPhases = (
				2C954AC41FF976310025CB07 /* Sources */,
				2C954AC51FF976310025CB07 /* Frameworks */,
				2C954AC61FF976310025CB07 /* Resources */,
			);
			buildRules = (
			);
			dependencies = (
				2C954ACB1FF976310025CB07 /* PBXTargetDependency */,
			);
			name = "PureMVC macOSTests";
			productName = "PureMVC macOSTests";
			productReference = 2C954AC81FF976310025CB07 /* PureMVC macOSTests.xctest */;
			productType = "com.apple.product-type.bundle.unit-test";
		};
/* End PBXNativeTarget section */

/* Begin PBXProject section */
		2C954A181FF972DE0025CB07 /* Project object */ = {
			isa = PBXProject;
			attributes = {
				LastSwiftUpdateCheck = 0920;
				LastUpgradeCheck = 0920;
				ORGANIZATIONNAME = zhuyanbin;
				TargetAttributes = {
					2C954A201FF972DE0025CB07 = {
						CreatedOnToolsVersion = 9.2;
						ProvisioningStyle = Automatic;
					};
					2C954A291FF972DE0025CB07 = {
						CreatedOnToolsVersion = 9.2;
						ProvisioningStyle = Automatic;
					};
					2C954ABF1FF976300025CB07 = {
						CreatedOnToolsVersion = 9.2;
						ProvisioningStyle = Automatic;
					};
					2C954AC71FF976310025CB07 = {
						CreatedOnToolsVersion = 9.2;
						ProvisioningStyle = Automatic;
					};
				};
			};
			buildConfigurationList = 2C954A1B1FF972DE0025CB07 /* Build configuration list for PBXProject "PureMVC" */;
			compatibilityVersion = "Xcode 8.0";
			developmentRegion = en;
			hasScannedForEncodings = 0;
			knownRegions = (
				en,
			);
			mainGroup = 2C954A171FF972DE0025CB07;
			productRefGroup = 2C954A221FF972DE0025CB07 /* Products */;
			projectDirPath = "";
			projectRoot = "";
			targets = (
				2C954A201FF972DE0025CB07 /* PureMVC */,
				2C954A291FF972DE0025CB07 /* PureMVCTests */,
				2C954ABF1FF976300025CB07 /* PureMVC macOS */,
				2C954AC71FF976310025CB07 /* PureMVC macOSTests */,
			);
		};
/* End PBXProject section */

/* Begin PBXResourcesBuildPhase section */
		2C954A1F1FF972DE0025CB07 /* Resources */ = {
			isa = PBXResourcesBuildPhase;
			buildActionMask = 2147483647;
			files = (
			);
			runOnlyForDeploymentPostprocessing = 0;
		};
		2C954A281FF972DE0025CB07 /* Resources */ = {
			isa = PBXResourcesBuildPhase;
			buildActionMask = 2147483647;
			files = (
			);
			runOnlyForDeploymentPostprocessing = 0;
		};
		2C954ABE1FF976300025CB07 /* Resources */ = {
			isa = PBXResourcesBuildPhase;
			buildActionMask = 2147483647;
			files = (
			);
			runOnlyForDeploymentPostprocessing = 0;
		};
		2C954AC61FF976310025CB07 /* Resources */ = {
			isa = PBXResourcesBuildPhase;
			buildActionMask = 2147483647;
			files = (
			);
			runOnlyForDeploymentPostprocessing = 0;
		};
/* End PBXResourcesBuildPhase section */

/* Begin PBXSourcesBuildPhase section */
		2C954A1C1FF972DE0025CB07 /* Sources */ = {
			isa = PBXSourcesBuildPhase;
			buildActionMask = 2147483647;
			files = (
				2C954A6B1FF974CF0025CB07 /* INotifier.swift in Sources */,
				2C954A601FF974CF0025CB07 /* Proxy.swift in Sources */,
				2C954A701FF974CF0025CB07 /* INotification.swift in Sources */,
				2C954A641FF974CF0025CB07 /* Notifier.swift in Sources */,
				2C954A621FF974CF0025CB07 /* Observer.swift in Sources */,
				2C954A691FF974CF0025CB07 /* IFacade.swift in Sources */,
				2C954A711FF974CF0025CB07 /* IObserver.swift in Sources */,
				2C954A671FF974CF0025CB07 /* Mediator.swift in Sources */,
				2C954A611FF974CF0025CB07 /* Facade.swift in Sources */,
				2C954A6F1FF974CF0025CB07 /* IProxy.swift in Sources */,
				2C954A631FF974CF0025CB07 /* Notification.swift in Sources */,
				2C954A6D1FF974CF0025CB07 /* IModel.swift in Sources */,
				2C954A5F1FF974CF0025CB07 /* Controller.swift in Sources */,
				2C954A6E1FF974CF0025CB07 /* IMediator.swift in Sources */,
				2C954A6C1FF974CF0025CB07 /* IController.swift in Sources */,
				2C954A661FF974CF0025CB07 /* MacroCommand.swift in Sources */,
				2C954A5D1FF974CF0025CB07 /* View.swift in Sources */,
				2C954A651FF974CF0025CB07 /* SimpleCommand.swift in Sources */,
				2C954A681FF974CF0025CB07 /* IView.swift in Sources */,
				2C954A5E1FF974CF0025CB07 /* Model.swift in Sources */,
				2C954A6A1FF974CF0025CB07 /* ICommand.swift in Sources */,
			);
			runOnlyForDeploymentPostprocessing = 0;
		};
		2C954A261FF972DE0025CB07 /* Sources */ = {
			isa = PBXSourcesBuildPhase;
			buildActionMask = 2147483647;
			files = (
				2C954ABA1FF975020025CB07 /* MediatorTest.swift in Sources */,
				2C954AB61FF975020025CB07 /* MacroCommandTestVO.swift in Sources */,
				2C954AB31FF975020025CB07 /* MacroCommandTestCommand.swift in Sources */,
				2C954AA51FF975020025CB07 /* ViewTestMediator4.swift in Sources */,
				2C954A9F1FF975020025CB07 /* ViewTest.swift in Sources */,
				2C954AA71FF975020025CB07 /* ViewTestNote.swift in Sources */,
				2C954AAD1FF975020025CB07 /* FacadeTestCommand.swift in Sources */,
				2C954AA21FF975020025CB07 /* ViewTestMediator3.swift in Sources */,
				2C954AB71FF975020025CB07 /* SimpleCommandTest.swift in Sources */,
				2C954AA81FF975020025CB07 /* ViewTestMediator6.swift in Sources */,
				2C954AA11FF975020025CB07 /* ViewTestMediator5.swift in Sources */,
				2C954AAC1FF975020025CB07 /* FacadeTestVO.swift in Sources */,
				2C954AB21FF975020025CB07 /* SimpleCommandTestCommand.swift in Sources */,
				2C954AAE1FF975020025CB07 /* FacadeTest.swift in Sources */,
				2C954AAF1FF975020025CB07 /* NotifierTest.swift in Sources */,
				2C954AB51FF975020025CB07 /* SimpleCommandTestVO.swift in Sources */,
				2C954AA91FF975020025CB07 /* ViewTestMediator2.swift in Sources */,
				2C954AAA1FF975020025CB07 /* ViewTestVO.swift in Sources */,
				2C954AA31FF975020025CB07 /* ControllerTest.swift in Sources */,
				2C954AB11FF975020025CB07 /* ObserverTest.swift in Sources */,
				2C954AB91FF975020025CB07 /* MacroCommandTestSub1Command.swift in Sources */,
				2C954AB81FF975020025CB07 /* MacroCommandTest.swift in Sources */,
				2C954AA41FF975020025CB07 /* ViewTestMediator.swift in Sources */,
				2C954A9D1FF975020025CB07 /* ControllerTestVO.swift in Sources */,
				2C954AB41FF975020025CB07 /* MacroCommandTestSub2Command.swift in Sources */,
				2C954AA61FF975020025CB07 /* ModelTest.swift in Sources */,
				2C954AAB1FF975020025CB07 /* ProxyTest.swift in Sources */,
				2C954AA01FF975020025CB07 /* ModelTestProxy.swift in Sources */,
				2C954A9E1FF975020025CB07 /* ControllerTestCommand2.swift in Sources */,
				2C954AB01FF975020025CB07 /* NotificationTest.swift in Sources */,
				2C954A9C1FF975020025CB07 /* ControllerTestCommand.swift in Sources */,
			);
			runOnlyForDeploymentPostprocessing = 0;
		};
		2C954ABB1FF976300025CB07 /* Sources */ = {
			isa = PBXSourcesBuildPhase;
			buildActionMask = 2147483647;
			files = (
				2C954AD71FF9769F0025CB07 /* View.swift in Sources */,
				2C954AD81FF9769F0025CB07 /* Model.swift in Sources */,
				2C954AD91FF9769F0025CB07 /* Controller.swift in Sources */,
				2C954ADA1FF9769F0025CB07 /* Proxy.swift in Sources */,
				2C954ADB1FF9769F0025CB07 /* Facade.swift in Sources */,
				2C954ADC1FF9769F0025CB07 /* Observer.swift in Sources */,
				2C954ADD1FF9769F0025CB07 /* Notification.swift in Sources */,
				2C954ADE1FF9769F0025CB07 /* Notifier.swift in Sources */,
				2C954ADF1FF9769F0025CB07 /* SimpleCommand.swift in Sources */,
				2C954AE01FF9769F0025CB07 /* MacroCommand.swift in Sources */,
				2C954AE11FF9769F0025CB07 /* Mediator.swift in Sources */,
				2C954AE21FF9769F0025CB07 /* IView.swift in Sources */,
				2C954AE31FF9769F0025CB07 /* IFacade.swift in Sources */,
				2C954AE41FF9769F0025CB07 /* ICommand.swift in Sources */,
				2C954AE51FF9769F0025CB07 /* INotifier.swift in Sources */,
				2C954AE61FF9769F0025CB07 /* IController.swift in Sources */,
				2C954AE71FF9769F0025CB07 /* IModel.swift in Sources */,
				2C954AE81FF9769F0025CB07 /* IMediator.swift in Sources */,
				2C954AE91FF9769F0025CB07 /* IProxy.swift in Sources */,
				2C954AEA1FF9769F0025CB07 /* INotification.swift in Sources */,
				2C954AEB1FF9769F0025CB07 /* IObserver.swift in Sources */,
			);
			runOnlyForDeploymentPostprocessing = 0;
		};
		2C954AC41FF976310025CB07 /* Sources */ = {
			isa = PBXSourcesBuildPhase;
			buildActionMask = 2147483647;
			files = (
				2C954ACE1FF976310025CB07 /* PureMVC_macOSTests.swift in Sources */,
			);
			runOnlyForDeploymentPostprocessing = 0;
		};
/* End PBXSourcesBuildPhase section */

/* Begin PBXTargetDependency section */
		2C954A2D1FF972DE0025CB07 /* PBXTargetDependency */ = {
			isa = PBXTargetDependency;
			target = 2C954A201FF972DE0025CB07 /* PureMVC */;
			targetProxy = 2C954A2C1FF972DE0025CB07 /* PBXContainerItemProxy */;
		};
		2C954ACB1FF976310025CB07 /* PBXTargetDependency */ = {
			isa = PBXTargetDependency;
			target = 2C954ABF1FF976300025CB07 /* PureMVC macOS */;
			targetProxy = 2C954ACA1FF976310025CB07 /* PBXContainerItemProxy */;
		};
/* End PBXTargetDependency section */

/* Begin XCBuildConfiguration section */
		2C954A331FF972DE0025CB07 /* Debug */ = {
			isa = XCBuildConfiguration;
			buildSettings = {
				ALWAYS_SEARCH_USER_PATHS = NO;
				CLANG_ANALYZER_NONNULL = YES;
				CLANG_ANALYZER_NUMBER_OBJECT_CONVERSION = YES_AGGRESSIVE;
				CLANG_CXX_LANGUAGE_STANDARD = "gnu++14";
				CLANG_CXX_LIBRARY = "libc++";
				CLANG_ENABLE_MODULES = YES;
				CLANG_ENABLE_OBJC_ARC = YES;
				CLANG_WARN_BLOCK_CAPTURE_AUTORELEASING = YES;
				CLANG_WARN_BOOL_CONVERSION = YES;
				CLANG_WARN_COMMA = YES;
				CLANG_WARN_CONSTANT_CONVERSION = YES;
				CLANG_WARN_DIRECT_OBJC_ISA_USAGE = YES_ERROR;
				CLANG_WARN_DOCUMENTATION_COMMENTS = YES;
				CLANG_WARN_EMPTY_BODY = YES;
				CLANG_WARN_ENUM_CONVERSION = YES;
				CLANG_WARN_INFINITE_RECURSION = YES;
				CLANG_WARN_INT_CONVERSION = YES;
				CLANG_WARN_NON_LITERAL_NULL_CONVERSION = YES;
				CLANG_WARN_OBJC_LITERAL_CONVERSION = YES;
				CLANG_WARN_OBJC_ROOT_CLASS = YES_ERROR;
				CLANG_WARN_RANGE_LOOP_ANALYSIS = YES;
				CLANG_WARN_STRICT_PROTOTYPES = YES;
				CLANG_WARN_SUSPICIOUS_MOVE = YES;
				CLANG_WARN_UNGUARDED_AVAILABILITY = YES_AGGRESSIVE;
				CLANG_WARN_UNREACHABLE_CODE = YES;
				CLANG_WARN__DUPLICATE_METHOD_MATCH = YES;
				CODE_SIGN_IDENTITY = "iPhone Developer";
				COPY_PHASE_STRIP = NO;
				CURRENT_PROJECT_VERSION = 1;
				DEBUG_INFORMATION_FORMAT = dwarf;
				ENABLE_STRICT_OBJC_MSGSEND = YES;
				ENABLE_TESTABILITY = YES;
				GCC_C_LANGUAGE_STANDARD = gnu11;
				GCC_DYNAMIC_NO_PIC = NO;
				GCC_NO_COMMON_BLOCKS = YES;
				GCC_OPTIMIZATION_LEVEL = 0;
				GCC_PREPROCESSOR_DEFINITIONS = (
					"DEBUG=1",
					"$(inherited)",
				);
				GCC_WARN_64_TO_32_BIT_CONVERSION = YES;
				GCC_WARN_ABOUT_RETURN_TYPE = YES_ERROR;
				GCC_WARN_UNDECLARED_SELECTOR = YES;
				GCC_WARN_UNINITIALIZED_AUTOS = YES_AGGRESSIVE;
				GCC_WARN_UNUSED_FUNCTION = YES;
				GCC_WARN_UNUSED_VARIABLE = YES;
				IPHONEOS_DEPLOYMENT_TARGET = 8.0;
				MACOSX_DEPLOYMENT_TARGET = 10.10;
				MTL_ENABLE_DEBUG_INFO = YES;
				ONLY_ACTIVE_ARCH = YES;
				SDKROOT = iphoneos;
				SWIFT_ACTIVE_COMPILATION_CONDITIONS = DEBUG;
				SWIFT_OPTIMIZATION_LEVEL = "-Onone";
				VERSIONING_SYSTEM = "apple-generic";
				VERSION_INFO_PREFIX = "";
			};
			name = Debug;
		};
		2C954A341FF972DE0025CB07 /* Release */ = {
			isa = XCBuildConfiguration;
			buildSettings = {
				ALWAYS_SEARCH_USER_PATHS = NO;
				CLANG_ANALYZER_NONNULL = YES;
				CLANG_ANALYZER_NUMBER_OBJECT_CONVERSION = YES_AGGRESSIVE;
				CLANG_CXX_LANGUAGE_STANDARD = "gnu++14";
				CLANG_CXX_LIBRARY = "libc++";
				CLANG_ENABLE_MODULES = YES;
				CLANG_ENABLE_OBJC_ARC = YES;
				CLANG_WARN_BLOCK_CAPTURE_AUTORELEASING = YES;
				CLANG_WARN_BOOL_CONVERSION = YES;
				CLANG_WARN_COMMA = YES;
				CLANG_WARN_CONSTANT_CONVERSION = YES;
				CLANG_WARN_DIRECT_OBJC_ISA_USAGE = YES_ERROR;
				CLANG_WARN_DOCUMENTATION_COMMENTS = YES;
				CLANG_WARN_EMPTY_BODY = YES;
				CLANG_WARN_ENUM_CONVERSION = YES;
				CLANG_WARN_INFINITE_RECURSION = YES;
				CLANG_WARN_INT_CONVERSION = YES;
				CLANG_WARN_NON_LITERAL_NULL_CONVERSION = YES;
				CLANG_WARN_OBJC_LITERAL_CONVERSION = YES;
				CLANG_WARN_OBJC_ROOT_CLASS = YES_ERROR;
				CLANG_WARN_RANGE_LOOP_ANALYSIS = YES;
				CLANG_WARN_STRICT_PROTOTYPES = YES;
				CLANG_WARN_SUSPICIOUS_MOVE = YES;
				CLANG_WARN_UNGUARDED_AVAILABILITY = YES_AGGRESSIVE;
				CLANG_WARN_UNREACHABLE_CODE = YES;
				CLANG_WARN__DUPLICATE_METHOD_MATCH = YES;
				CODE_SIGN_IDENTITY = "iPhone Developer";
				COPY_PHASE_STRIP = NO;
				CURRENT_PROJECT_VERSION = 1;
				DEBUG_INFORMATION_FORMAT = "dwarf-with-dsym";
				ENABLE_NS_ASSERTIONS = NO;
				ENABLE_STRICT_OBJC_MSGSEND = YES;
				GCC_C_LANGUAGE_STANDARD = gnu11;
				GCC_NO_COMMON_BLOCKS = YES;
				GCC_WARN_64_TO_32_BIT_CONVERSION = YES;
				GCC_WARN_ABOUT_RETURN_TYPE = YES_ERROR;
				GCC_WARN_UNDECLARED_SELECTOR = YES;
				GCC_WARN_UNINITIALIZED_AUTOS = YES_AGGRESSIVE;
				GCC_WARN_UNUSED_FUNCTION = YES;
				GCC_WARN_UNUSED_VARIABLE = YES;
				IPHONEOS_DEPLOYMENT_TARGET = 8.0;
				MACOSX_DEPLOYMENT_TARGET = 10.10;
				MTL_ENABLE_DEBUG_INFO = NO;
				SDKROOT = iphoneos;
				SWIFT_OPTIMIZATION_LEVEL = "-Owholemodule";
				VALIDATE_PRODUCT = YES;
				VERSIONING_SYSTEM = "apple-generic";
				VERSION_INFO_PREFIX = "";
			};
			name = Release;
		};
		2C954A361FF972DE0025CB07 /* Debug */ = {
			isa = XCBuildConfiguration;
			buildSettings = {
				APPLICATION_EXTENSION_API_ONLY = YES;
				CODE_SIGN_IDENTITY = "";
				CODE_SIGN_STYLE = Automatic;
				DEFINES_MODULE = YES;
				DEVELOPMENT_TEAM = "";
				DYLIB_COMPATIBILITY_VERSION = 1;
				DYLIB_CURRENT_VERSION = 1;
				DYLIB_INSTALL_NAME_BASE = "@rpath";
				INFOPLIST_FILE = PureMVC/Info.plist;
				INSTALL_PATH = "$(LOCAL_LIBRARY_DIR)/Frameworks";
				LD_DYLIB_INSTALL_NAME = "$(DYLIB_INSTALL_NAME_BASE:standardizepath)/$(EXECUTABLE_PATH)";
				LD_RUNPATH_SEARCH_PATHS = "$(inherited) @executable_path/Frameworks @loader_path/Frameworks";
				PRODUCT_BUNDLE_IDENTIFIER = com.zhuyanbin.PureMVC;
				PRODUCT_NAME = "$(PROJECT_NAME)";
				SKIP_INSTALL = YES;
				SWIFT_VERSION = 4.0;
				TARGETED_DEVICE_FAMILY = "1,2";
			};
			name = Debug;
		};
		2C954A371FF972DE0025CB07 /* Release */ = {
			isa = XCBuildConfiguration;
			buildSettings = {
				APPLICATION_EXTENSION_API_ONLY = YES;
				CODE_SIGN_IDENTITY = "";
				CODE_SIGN_STYLE = Automatic;
				DEFINES_MODULE = YES;
				DEVELOPMENT_TEAM = "";
				DYLIB_COMPATIBILITY_VERSION = 1;
				DYLIB_CURRENT_VERSION = 1;
				DYLIB_INSTALL_NAME_BASE = "@rpath";
				INFOPLIST_FILE = PureMVC/Info.plist;
				INSTALL_PATH = "$(LOCAL_LIBRARY_DIR)/Frameworks";
				LD_DYLIB_INSTALL_NAME = "$(DYLIB_INSTALL_NAME_BASE:standardizepath)/$(EXECUTABLE_PATH)";
				LD_RUNPATH_SEARCH_PATHS = "$(inherited) @executable_path/Frameworks @loader_path/Frameworks";
				PRODUCT_BUNDLE_IDENTIFIER = com.zhuyanbin.PureMVC;
				PRODUCT_NAME = "$(PROJECT_NAME)";
				SKIP_INSTALL = YES;
				SWIFT_VERSION = 4.0;
				TARGETED_DEVICE_FAMILY = "1,2";
			};
			name = Release;
		};
		2C954A391FF972DE0025CB07 /* Debug */ = {
			isa = XCBuildConfiguration;
			buildSettings = {
				ALWAYS_EMBED_SWIFT_STANDARD_LIBRARIES = YES;
				CODE_SIGN_STYLE = Automatic;
				DEVELOPMENT_TEAM = R3G99JM6LM;
				INFOPLIST_FILE = PureMVCTests/Info.plist;
				LD_RUNPATH_SEARCH_PATHS = "$(inherited) @executable_path/Frameworks @loader_path/Frameworks";
				PRODUCT_BUNDLE_IDENTIFIER = com.zhuyanbin.PureMVCTests;
				PRODUCT_NAME = "$(TARGET_NAME)";
				SWIFT_VERSION = 4.0;
				TARGETED_DEVICE_FAMILY = "1,2";
			};
			name = Debug;
		};
		2C954A3A1FF972DE0025CB07 /* Release */ = {
			isa = XCBuildConfiguration;
			buildSettings = {
				ALWAYS_EMBED_SWIFT_STANDARD_LIBRARIES = YES;
				CODE_SIGN_STYLE = Automatic;
				DEVELOPMENT_TEAM = R3G99JM6LM;
				INFOPLIST_FILE = PureMVCTests/Info.plist;
				LD_RUNPATH_SEARCH_PATHS = "$(inherited) @executable_path/Frameworks @loader_path/Frameworks";
				PRODUCT_BUNDLE_IDENTIFIER = com.zhuyanbin.PureMVCTests;
				PRODUCT_NAME = "$(TARGET_NAME)";
				SWIFT_VERSION = 4.0;
				TARGETED_DEVICE_FAMILY = "1,2";
			};
			name = Release;
		};
		2C954AD11FF976310025CB07 /* Debug */ = {
			isa = XCBuildConfiguration;
			buildSettings = {
				APPLICATION_EXTENSION_API_ONLY = YES;
				CODE_SIGN_IDENTITY = "Mac Developer";
				CODE_SIGN_STYLE = Automatic;
				COMBINE_HIDPI_IMAGES = YES;
				DEFINES_MODULE = YES;
				DEVELOPMENT_TEAM = "";
				DYLIB_COMPATIBILITY_VERSION = 1;
				DYLIB_CURRENT_VERSION = 1;
				DYLIB_INSTALL_NAME_BASE = "@rpath";
				FRAMEWORK_VERSION = A;
				INFOPLIST_FILE = "PureMVC macOS/Info.plist";
				INSTALL_PATH = "$(LOCAL_LIBRARY_DIR)/Frameworks";
				LD_RUNPATH_SEARCH_PATHS = "$(inherited) @executable_path/../Frameworks @loader_path/Frameworks";
				MACOSX_DEPLOYMENT_TARGET = 10.10;
				PRODUCT_BUNDLE_IDENTIFIER = com.zhuyanbin.PureMVC;
				PRODUCT_NAME = "$(PROJECT_NAME)";
				SDKROOT = macosx;
				SKIP_INSTALL = YES;
				SWIFT_VERSION = 4.0;
			};
			name = Debug;
		};
		2C954AD21FF976310025CB07 /* Release */ = {
			isa = XCBuildConfiguration;
			buildSettings = {
				APPLICATION_EXTENSION_API_ONLY = YES;
				CODE_SIGN_IDENTITY = "Mac Developer";
				CODE_SIGN_STYLE = Automatic;
				COMBINE_HIDPI_IMAGES = YES;
				DEFINES_MODULE = YES;
				DEVELOPMENT_TEAM = "";
				DYLIB_COMPATIBILITY_VERSION = 1;
				DYLIB_CURRENT_VERSION = 1;
				DYLIB_INSTALL_NAME_BASE = "@rpath";
				FRAMEWORK_VERSION = A;
				INFOPLIST_FILE = "PureMVC macOS/Info.plist";
				INSTALL_PATH = "$(LOCAL_LIBRARY_DIR)/Frameworks";
				LD_RUNPATH_SEARCH_PATHS = "$(inherited) @executable_path/../Frameworks @loader_path/Frameworks";
				MACOSX_DEPLOYMENT_TARGET = 10.10;
				PRODUCT_BUNDLE_IDENTIFIER = com.zhuyanbin.PureMVC;
				PRODUCT_NAME = "$(PROJECT_NAME)";
				SDKROOT = macosx;
				SKIP_INSTALL = YES;
				SWIFT_VERSION = 4.0;
			};
			name = Release;
		};
		2C954AD31FF976310025CB07 /* Debug */ = {
			isa = XCBuildConfiguration;
			buildSettings = {
				ALWAYS_EMBED_SWIFT_STANDARD_LIBRARIES = YES;
				CODE_SIGN_IDENTITY = "Mac Developer";
				CODE_SIGN_STYLE = Automatic;
				COMBINE_HIDPI_IMAGES = YES;
				DEVELOPMENT_TEAM = "";
				INFOPLIST_FILE = "PureMVC macOSTests/Info.plist";
				LD_RUNPATH_SEARCH_PATHS = "$(inherited) @executable_path/../Frameworks @loader_path/../Frameworks";
				MACOSX_DEPLOYMENT_TARGET = 10.13;
				PRODUCT_BUNDLE_IDENTIFIER = "com.zhuyanbin.PureMVC-macOSTests";
				PRODUCT_NAME = "$(TARGET_NAME)";
				SDKROOT = macosx;
				SWIFT_VERSION = 4.0;
			};
			name = Debug;
		};
		2C954AD41FF976310025CB07 /* Release */ = {
			isa = XCBuildConfiguration;
			buildSettings = {
				ALWAYS_EMBED_SWIFT_STANDARD_LIBRARIES = YES;
				CODE_SIGN_IDENTITY = "Mac Developer";
				CODE_SIGN_STYLE = Automatic;
				COMBINE_HIDPI_IMAGES = YES;
				DEVELOPMENT_TEAM = "";
				INFOPLIST_FILE = "PureMVC macOSTests/Info.plist";
				LD_RUNPATH_SEARCH_PATHS = "$(inherited) @executable_path/../Frameworks @loader_path/../Frameworks";
				MACOSX_DEPLOYMENT_TARGET = 10.13;
				PRODUCT_BUNDLE_IDENTIFIER = "com.zhuyanbin.PureMVC-macOSTests";
				PRODUCT_NAME = "$(TARGET_NAME)";
				SDKROOT = macosx;
				SWIFT_VERSION = 4.0;
			};
			name = Release;
		};
/* End XCBuildConfiguration section */

/* Begin XCConfigurationList section */
		2C954A1B1FF972DE0025CB07 /* Build configuration list for PBXProject "PureMVC" */ = {
			isa = XCConfigurationList;
			buildConfigurations = (
				2C954A331FF972DE0025CB07 /* Debug */,
				2C954A341FF972DE0025CB07 /* Release */,
			);
			defaultConfigurationIsVisible = 0;
			defaultConfigurationName = Release;
		};
		2C954A351FF972DE0025CB07 /* Build configuration list for PBXNativeTarget "PureMVC" */ = {
			isa = XCConfigurationList;
			buildConfigurations = (
				2C954A361FF972DE0025CB07 /* Debug */,
				2C954A371FF972DE0025CB07 /* Release */,
			);
			defaultConfigurationIsVisible = 0;
			defaultConfigurationName = Release;
		};
		2C954A381FF972DE0025CB07 /* Build configuration list for PBXNativeTarget "PureMVCTests" */ = {
			isa = XCConfigurationList;
			buildConfigurations = (
				2C954A391FF972DE0025CB07 /* Debug */,
				2C954A3A1FF972DE0025CB07 /* Release */,
			);
			defaultConfigurationIsVisible = 0;
			defaultConfigurationName = Release;
		};
		2C954AD51FF976310025CB07 /* Build configuration list for PBXNativeTarget "PureMVC macOS" */ = {
			isa = XCConfigurationList;
			buildConfigurations = (
				2C954AD11FF976310025CB07 /* Debug */,
				2C954AD21FF976310025CB07 /* Release */,
			);
			defaultConfigurationIsVisible = 0;
			defaultConfigurationName = Release;
		};
		2C954AD61FF976310025CB07 /* Build configuration list for PBXNativeTarget "PureMVC macOSTests" */ = {
			isa = XCConfigurationList;
			buildConfigurations = (
				2C954AD31FF976310025CB07 /* Debug */,
				2C954AD41FF976310025CB07 /* Release */,
			);
			defaultConfigurationIsVisible = 0;
			defaultConfigurationName = Release;
		};
/* End XCConfigurationList section */
	};
	rootObject = 2C954A181FF972DE0025CB07 /* Project object */;
}
